// !$*UTF8*$!
{
	archiveVersion = 1;
	classes = {
	};
	objectVersion = 77;
	objects = {

/* Begin PBXBuildFile section */
		22F13A7C287F078A1F788EC1 /* AlfredAPIClient in Frameworks */ = {isa = PBXBuildFile; productRef = C3AABD002F40C03E00D8F6E7 /* AlfredAPIClient */; };
		2A08A9A2C7CE792DD0987E00 /* NotificationService.swift in Sources */ = {isa = PBXBuildFile; fileRef = 95611B0BAFCF4BCF38FA3DCB /* NotificationService.swift */; };
		93EE5AE298FFD846C8E82DA3 /* alfredNotificationServiceExtension.appex in Embed App Extensions */ = {isa = PBXBuildFile; fileRef = DB36E1109E2802BBA5719436 /* alfredNotificationServiceExtension.appex */; };
		C36BA2CA2F48CE9F00B2F152 /* IQKeyboardManagerSwift in Frameworks */ = {isa = PBXBuildFile; productRef = C36BA2C92F48CE9F00B2F152 /* IQKeyboardManagerSwift */; };
		C3AABD012F40C03E00D8F6E7 /* AlfredAPIClient in Frameworks */ = {isa = PBXBuildFile; productRef = C3AABD002F40C03E00D8F6E7 /* AlfredAPIClient */; };
		C3AABD2A2F4133F400D8F6E7 /* ClerkKit in Frameworks */ = {isa = PBXBuildFile; productRef = C3AABD292F4133F400D8F6E7 /* ClerkKit */; };
		C3AABD2C2F4133F400D8F6E7 /* ClerkKitUI in Frameworks */ = {isa = PBXBuildFile; productRef = C3AABD2B2F4133F400D8F6E7 /* ClerkKitUI */; };
		D10100032F50000000D8F6E7 /* onnxruntime in Frameworks */ = {isa = PBXBuildFile; productRef = D10100022F50000000D8F6E7 /* onnxruntime */; };
/* End PBXBuildFile section */

/* Begin PBXContainerItemProxy section */
		ABB44118195993B0BA2EAC1B /* PBXContainerItemProxy */ = {
			isa = PBXContainerItemProxy;
			containerPortal = C3E6B8B62F3FFFBC00C03FF0 /* Project object */;
			proxyType = 1;
			remoteGlobalIDString = 132420810B8D3F6598D96D28;
			remoteInfo = alfredNotificationServiceExtension;
		};
		C3E6B8CC2F3FFFBD00C03FF0 /* PBXContainerItemProxy */ = {
			isa = PBXContainerItemProxy;
			containerPortal = C3E6B8B62F3FFFBC00C03FF0 /* Project object */;
			proxyType = 1;
			remoteGlobalIDString = C3E6B8BD2F3FFFBC00C03FF0;
			remoteInfo = alfred;
		};
/* End PBXContainerItemProxy section */

/* Begin PBXCopyFilesBuildPhase section */
		0D74320FB23F2565A5283D90 /* Embed App Extensions */ = {
			isa = PBXCopyFilesBuildPhase;
			buildActionMask = 2147483647;
			dstPath = "";
			dstSubfolderSpec = 13;
			files = (
				93EE5AE298FFD846C8E82DA3 /* alfredNotificationServiceExtension.appex in Embed App Extensions */,
			);
			name = "Embed App Extensions";
			runOnlyForDeploymentPostprocessing = 0;
		};
/* End PBXCopyFilesBuildPhase section */

/* Begin PBXFileReference section */
		38DF45289929E341ADF164EE /* alfredNotificationServiceExtension.entitlements */ = {isa = PBXFileReference; includeInIndex = 1; lastKnownFileType = text.plist.entitlements; path = alfredNotificationServiceExtension.entitlements; sourceTree = "<group>"; };
		95611B0BAFCF4BCF38FA3DCB /* NotificationService.swift */ = {isa = PBXFileReference; includeInIndex = 1; lastKnownFileType = sourcecode.swift; path = NotificationService.swift; sourceTree = "<group>"; };
		95A3C373062B820B4D65D336 /* Info.plist */ = {isa = PBXFileReference; includeInIndex = 1; lastKnownFileType = text.plist.xml; path = Info.plist; sourceTree = "<group>"; };
		C3E6B8BE2F3FFFBC00C03FF0 /* alfred.app */ = {isa = PBXFileReference; explicitFileType = wrapper.application; includeInIndex = 0; path = alfred.app; sourceTree = BUILT_PRODUCTS_DIR; };
		C3E6B8CB2F3FFFBD00C03FF0 /* alfredTests.xctest */ = {isa = PBXFileReference; explicitFileType = wrapper.cfbundle; includeInIndex = 0; path = alfredTests.xctest; sourceTree = BUILT_PRODUCTS_DIR; };
		DB36E1109E2802BBA5719436 /* alfredNotificationServiceExtension.appex */ = {isa = PBXFileReference; explicitFileType = "wrapper.app-extension"; includeInIndex = 0; path = alfredNotificationServiceExtension.appex; sourceTree = BUILT_PRODUCTS_DIR; };
/* End PBXFileReference section */

/* Begin PBXFileSystemSynchronizedRootGroup section */
		C3E6B8C02F3FFFBC00C03FF0 /* alfred */ = {
			isa = PBXFileSystemSynchronizedRootGroup;
			exceptions = (
			);
			path = alfred;
			sourceTree = "<group>";
		};
		C3E6B8CE2F3FFFBD00C03FF0 /* alfredTests */ = {
			isa = PBXFileSystemSynchronizedRootGroup;
			exceptions = (
			);
			path = alfredTests;
			sourceTree = "<group>";
		};
/* End PBXFileSystemSynchronizedRootGroup section */

/* Begin PBXFrameworksBuildPhase section */
		9ADC70DA28641F21B2E65ABA /* Frameworks */ = {
			isa = PBXFrameworksBuildPhase;
			buildActionMask = 2147483647;
			files = (
				22F13A7C287F078A1F788EC1 /* AlfredAPIClient in Frameworks */,
			);
			runOnlyForDeploymentPostprocessing = 0;
		};
		C3E6B8BB2F3FFFBC00C03FF0 /* Frameworks */ = {
			isa = PBXFrameworksBuildPhase;
			buildActionMask = 2147483647;
			files = (
				C36BA2CA2F48CE9F00B2F152 /* IQKeyboardManagerSwift in Frameworks */,
				C3AABD012F40C03E00D8F6E7 /* AlfredAPIClient in Frameworks */,
				C3AABD2A2F4133F400D8F6E7 /* ClerkKit in Frameworks */,
				C3AABD2C2F4133F400D8F6E7 /* ClerkKitUI in Frameworks */,
				D10100032F50000000D8F6E7 /* onnxruntime in Frameworks */,
			);
			runOnlyForDeploymentPostprocessing = 0;
		};
		C3E6B8C82F3FFFBD00C03FF0 /* Frameworks */ = {
			isa = PBXFrameworksBuildPhase;
			buildActionMask = 2147483647;
			files = (
			);
			runOnlyForDeploymentPostprocessing = 0;
		};
/* End PBXFrameworksBuildPhase section */

/* Begin PBXGroup section */
		A1793636008158BD53CE64CC /* alfredNotificationServiceExtension */ = {
			isa = PBXGroup;
			children = (
				95611B0BAFCF4BCF38FA3DCB /* NotificationService.swift */,
				95A3C373062B820B4D65D336 /* Info.plist */,
				38DF45289929E341ADF164EE /* alfredNotificationServiceExtension.entitlements */,
			);
			name = alfredNotificationServiceExtension;
			path = alfredNotificationServiceExtension;
			sourceTree = "<group>";
		};
		C3E6B8B52F3FFFBC00C03FF0 = {
			isa = PBXGroup;
			children = (
				C3E6B8C02F3FFFBC00C03FF0 /* alfred */,
				C3E6B8CE2F3FFFBD00C03FF0 /* alfredTests */,
				C3E6B8BF2F3FFFBC00C03FF0 /* Products */,
				A1793636008158BD53CE64CC /* alfredNotificationServiceExtension */,
			);
			sourceTree = "<group>";
		};
		C3E6B8BF2F3FFFBC00C03FF0 /* Products */ = {
			isa = PBXGroup;
			children = (
				C3E6B8BE2F3FFFBC00C03FF0 /* alfred.app */,
				C3E6B8CB2F3FFFBD00C03FF0 /* alfredTests.xctest */,
				DB36E1109E2802BBA5719436 /* alfredNotificationServiceExtension.appex */,
			);
			name = Products;
			sourceTree = "<group>";
		};
/* End PBXGroup section */

/* Begin PBXNativeTarget section */
		132420810B8D3F6598D96D28 /* alfredNotificationServiceExtension */ = {
			isa = PBXNativeTarget;
			buildConfigurationList = D06A7674F19D68F05CBF540A /* Build configuration list for PBXNativeTarget "alfredNotificationServiceExtension" */;
			buildPhases = (
				7731571C098178A4F9224209 /* Sources */,
				9ADC70DA28641F21B2E65ABA /* Frameworks */,
				31A84F3236347334014F31B0 /* Resources */,
			);
			buildRules = (
			);
			dependencies = (
			);
			name = alfredNotificationServiceExtension;
			packageProductDependencies = (
				C3AABD002F40C03E00D8F6E7 /* AlfredAPIClient */,
			);
			productName = alfredNotificationServiceExtension;
			productReference = DB36E1109E2802BBA5719436 /* alfredNotificationServiceExtension.appex */;
			productType = "com.apple.product-type.app-extension";
		};
		C3E6B8BD2F3FFFBC00C03FF0 /* alfred */ = {
			isa = PBXNativeTarget;
			buildConfigurationList = C3E6B8DF2F3FFFBD00C03FF0 /* Build configuration list for PBXNativeTarget "alfred" */;
			buildPhases = (
				C3E6B8BA2F3FFFBC00C03FF0 /* Sources */,
				C3E6B8BB2F3FFFBC00C03FF0 /* Frameworks */,
				C3E6B8BC2F3FFFBC00C03FF0 /* Resources */,
				0D74320FB23F2565A5283D90 /* Embed App Extensions */,
			);
			buildRules = (
			);
			dependencies = (
				916B11DA4EAD67D540270A64 /* PBXTargetDependency */,
			);
			fileSystemSynchronizedGroups = (
				C3E6B8C02F3FFFBC00C03FF0 /* alfred */,
			);
			name = alfred;
			packageProductDependencies = (
				C3AABD002F40C03E00D8F6E7 /* AlfredAPIClient */,
				C3AABD292F4133F400D8F6E7 /* ClerkKit */,
				C3AABD2B2F4133F400D8F6E7 /* ClerkKitUI */,
				D10100022F50000000D8F6E7 /* onnxruntime */,
				C36BA2C92F48CE9F00B2F152 /* IQKeyboardManagerSwift */,
			);
			productName = alfred;
			productReference = C3E6B8BE2F3FFFBC00C03FF0 /* alfred.app */;
			productType = "com.apple.product-type.application";
		};
		C3E6B8CA2F3FFFBD00C03FF0 /* alfredTests */ = {
			isa = PBXNativeTarget;
			buildConfigurationList = C3E6B8E22F3FFFBD00C03FF0 /* Build configuration list for PBXNativeTarget "alfredTests" */;
			buildPhases = (
				C3E6B8C72F3FFFBD00C03FF0 /* Sources */,
				C3E6B8C82F3FFFBD00C03FF0 /* Frameworks */,
				C3E6B8C92F3FFFBD00C03FF0 /* Resources */,
			);
			buildRules = (
			);
			dependencies = (
				C3E6B8CD2F3FFFBD00C03FF0 /* PBXTargetDependency */,
			);
			fileSystemSynchronizedGroups = (
				C3E6B8CE2F3FFFBD00C03FF0 /* alfredTests */,
			);
			name = alfredTests;
			productName = alfredTests;
			productReference = C3E6B8CB2F3FFFBD00C03FF0 /* alfredTests.xctest */;
			productType = "com.apple.product-type.bundle.unit-test";
		};
/* End PBXNativeTarget section */

/* Begin PBXProject section */
		C3E6B8B62F3FFFBC00C03FF0 /* Project object */ = {
			isa = PBXProject;
			attributes = {
				BuildIndependentTargetsInParallel = 1;
				LastSwiftUpdateCheck = 2620;
				LastUpgradeCheck = 2620;
				TargetAttributes = {
					C3E6B8BD2F3FFFBC00C03FF0 = {
						CreatedOnToolsVersion = 26.2;
					};
					C3E6B8CA2F3FFFBD00C03FF0 = {
						CreatedOnToolsVersion = 26.2;
						TestTargetID = C3E6B8BD2F3FFFBC00C03FF0;
					};
				};
			};
			buildConfigurationList = C3E6B8B92F3FFFBC00C03FF0 /* Build configuration list for PBXProject "alfred" */;
			developmentRegion = en;
			hasScannedForEncodings = 0;
			knownRegions = (
				en,
				Base,
			);
			mainGroup = C3E6B8B52F3FFFBC00C03FF0;
			minimizedProjectReferenceProxies = 1;
			packageReferences = (
				C3AABCFF2F40C03E00D8F6E7 /* XCLocalSwiftPackageReference "AlfredAPIClient" */,
				C3AABD282F4133F400D8F6E7 /* XCRemoteSwiftPackageReference "clerk-ios" */,
				D10100012F50000000D8F6E7 /* XCRemoteSwiftPackageReference "onnxruntime-swift-package-manager" */,
				C36BA2C82F48CE9F00B2F152 /* XCRemoteSwiftPackageReference "IQKeyboardManager" */,
			);
			preferredProjectObjectVersion = 77;
			productRefGroup = C3E6B8BF2F3FFFBC00C03FF0 /* Products */;
			projectDirPath = "";
			projectRoot = "";
			targets = (
				C3E6B8BD2F3FFFBC00C03FF0 /* alfred */,
				C3E6B8CA2F3FFFBD00C03FF0 /* alfredTests */,
				132420810B8D3F6598D96D28 /* alfredNotificationServiceExtension */,
			);
		};
/* End PBXProject section */

/* Begin PBXResourcesBuildPhase section */
		31A84F3236347334014F31B0 /* Resources */ = {
			isa = PBXResourcesBuildPhase;
			buildActionMask = 2147483647;
			files = (
			);
			runOnlyForDeploymentPostprocessing = 0;
		};
		C3E6B8BC2F3FFFBC00C03FF0 /* Resources */ = {
			isa = PBXResourcesBuildPhase;
			buildActionMask = 2147483647;
			files = (
			);
			runOnlyForDeploymentPostprocessing = 0;
		};
		C3E6B8C92F3FFFBD00C03FF0 /* Resources */ = {
			isa = PBXResourcesBuildPhase;
			buildActionMask = 2147483647;
			files = (
			);
			runOnlyForDeploymentPostprocessing = 0;
		};
/* End PBXResourcesBuildPhase section */

/* Begin PBXSourcesBuildPhase section */
		7731571C098178A4F9224209 /* Sources */ = {
			isa = PBXSourcesBuildPhase;
			buildActionMask = 2147483647;
			files = (
				2A08A9A2C7CE792DD0987E00 /* NotificationService.swift in Sources */,
			);
			runOnlyForDeploymentPostprocessing = 0;
		};
		C3E6B8BA2F3FFFBC00C03FF0 /* Sources */ = {
			isa = PBXSourcesBuildPhase;
			buildActionMask = 2147483647;
			files = (
			);
			runOnlyForDeploymentPostprocessing = 0;
		};
		C3E6B8C72F3FFFBD00C03FF0 /* Sources */ = {
			isa = PBXSourcesBuildPhase;
			buildActionMask = 2147483647;
			files = (
			);
			runOnlyForDeploymentPostprocessing = 0;
		};
/* End PBXSourcesBuildPhase section */

/* Begin PBXTargetDependency section */
		916B11DA4EAD67D540270A64 /* PBXTargetDependency */ = {
			isa = PBXTargetDependency;
			name = alfredNotificationServiceExtension;
			target = 132420810B8D3F6598D96D28 /* alfredNotificationServiceExtension */;
			targetProxy = ABB44118195993B0BA2EAC1B /* PBXContainerItemProxy */;
		};
		C3E6B8CD2F3FFFBD00C03FF0 /* PBXTargetDependency */ = {
			isa = PBXTargetDependency;
			target = C3E6B8BD2F3FFFBC00C03FF0 /* alfred */;
			targetProxy = C3E6B8CC2F3FFFBD00C03FF0 /* PBXContainerItemProxy */;
		};
/* End PBXTargetDependency section */

/* Begin XCBuildConfiguration section */
		100DCEF2CC634CF770B1B6D7 /* Debug */ = {
			isa = XCBuildConfiguration;
			buildSettings = {
				APPLICATION_EXTENSION_API_ONLY = YES;
				CLANG_ENABLE_OBJC_WEAK = NO;
				CODE_SIGN_ENTITLEMENTS = alfredNotificationServiceExtension/alfredNotificationServiceExtension.entitlements;
				CODE_SIGN_STYLE = Automatic;
				CURRENT_PROJECT_VERSION = 1;
				DEVELOPMENT_TEAM = GNQ3HY2357;
				GENERATE_INFOPLIST_FILE = NO;
				INFOPLIST_FILE = alfredNotificationServiceExtension/Info.plist;
				IPHONEOS_DEPLOYMENT_TARGET = 17.6;
				LD_RUNPATH_SEARCH_PATHS = (
					"$(inherited)",
					"@executable_path/Frameworks",
					"@executable_path/../../Frameworks",
				);
				MARKETING_VERSION = 1.0;
				PRODUCT_BUNDLE_IDENTIFIER = com.prodata.alfred.NotificationServiceExtension;
				PRODUCT_NAME = "$(TARGET_NAME)";
				SDKROOT = iphoneos;
				SKIP_INSTALL = YES;
				STRING_CATALOG_GENERATE_SYMBOLS = NO;
				SWIFT_APPROACHABLE_CONCURRENCY = YES;
				SWIFT_EMIT_LOC_STRINGS = NO;
				SWIFT_UPCOMING_FEATURE_MEMBER_IMPORT_VISIBILITY = YES;
				SWIFT_VERSION = 5.0;
				TARGETED_DEVICE_FAMILY = "1,2";
			};
			name = Debug;
		};
		2AA23022B43C87CEB2E555A5 /* Release */ = {
			isa = XCBuildConfiguration;
			buildSettings = {
				APPLICATION_EXTENSION_API_ONLY = YES;
				CLANG_ENABLE_OBJC_WEAK = NO;
				CODE_SIGN_ENTITLEMENTS = alfredNotificationServiceExtension/alfredNotificationServiceExtension.entitlements;
				CODE_SIGN_STYLE = Automatic;
				CURRENT_PROJECT_VERSION = 1;
				DEVELOPMENT_TEAM = GNQ3HY2357;
				GENERATE_INFOPLIST_FILE = NO;
				INFOPLIST_FILE = alfredNotificationServiceExtension/Info.plist;
				IPHONEOS_DEPLOYMENT_TARGET = 17.6;
				LD_RUNPATH_SEARCH_PATHS = (
					"$(inherited)",
					"@executable_path/Frameworks",
					"@executable_path/../../Frameworks",
				);
				MARKETING_VERSION = 1.0;
				PRODUCT_BUNDLE_IDENTIFIER = com.prodata.alfred.NotificationServiceExtension;
				PRODUCT_NAME = "$(TARGET_NAME)";
				SDKROOT = iphoneos;
				SKIP_INSTALL = YES;
				STRING_CATALOG_GENERATE_SYMBOLS = NO;
				SWIFT_APPROACHABLE_CONCURRENCY = YES;
				SWIFT_EMIT_LOC_STRINGS = NO;
				SWIFT_UPCOMING_FEATURE_MEMBER_IMPORT_VISIBILITY = YES;
				SWIFT_VERSION = 5.0;
				TARGETED_DEVICE_FAMILY = "1,2";
				VALIDATE_PRODUCT = YES;
			};
			name = Release;
		};
		C3E6B8DD2F3FFFBD00C03FF0 /* Debug */ = {
			isa = XCBuildConfiguration;
			buildSettings = {
				ALWAYS_SEARCH_USER_PATHS = NO;
				ASSETCATALOG_COMPILER_GENERATE_SWIFT_ASSET_SYMBOL_EXTENSIONS = YES;
				CLANG_ANALYZER_NONNULL = YES;
				CLANG_ANALYZER_NUMBER_OBJECT_CONVERSION = YES_AGGRESSIVE;
				CLANG_CXX_LANGUAGE_STANDARD = "gnu++20";
				CLANG_ENABLE_MODULES = YES;
				CLANG_ENABLE_OBJC_ARC = YES;
				CLANG_ENABLE_OBJC_WEAK = YES;
				CLANG_WARN_BLOCK_CAPTURE_AUTORELEASING = YES;
				CLANG_WARN_BOOL_CONVERSION = YES;
				CLANG_WARN_COMMA = YES;
				CLANG_WARN_CONSTANT_CONVERSION = YES;
				CLANG_WARN_DEPRECATED_OBJC_IMPLEMENTATIONS = YES;
				CLANG_WARN_DIRECT_OBJC_ISA_USAGE = YES_ERROR;
				CLANG_WARN_DOCUMENTATION_COMMENTS = YES;
				CLANG_WARN_EMPTY_BODY = YES;
				CLANG_WARN_ENUM_CONVERSION = YES;
				CLANG_WARN_INFINITE_RECURSION = YES;
				CLANG_WARN_INT_CONVERSION = YES;
				CLANG_WARN_NON_LITERAL_NULL_CONVERSION = YES;
				CLANG_WARN_OBJC_IMPLICIT_RETAIN_SELF = YES;
				CLANG_WARN_OBJC_LITERAL_CONVERSION = YES;
				CLANG_WARN_OBJC_ROOT_CLASS = YES_ERROR;
				CLANG_WARN_QUOTED_INCLUDE_IN_FRAMEWORK_HEADER = YES;
				CLANG_WARN_RANGE_LOOP_ANALYSIS = YES;
				CLANG_WARN_STRICT_PROTOTYPES = YES;
				CLANG_WARN_SUSPICIOUS_MOVE = YES;
				CLANG_WARN_UNGUARDED_AVAILABILITY = YES_AGGRESSIVE;
				CLANG_WARN_UNREACHABLE_CODE = YES;
				CLANG_WARN__DUPLICATE_METHOD_MATCH = YES;
				COPY_PHASE_STRIP = NO;
				DEBUG_INFORMATION_FORMAT = dwarf;
				DEVELOPMENT_TEAM = GNQ3HY2357;
				ENABLE_STRICT_OBJC_MSGSEND = YES;
				ENABLE_TESTABILITY = YES;
				ENABLE_USER_SCRIPT_SANDBOXING = YES;
				GCC_C_LANGUAGE_STANDARD = gnu17;
				GCC_DYNAMIC_NO_PIC = NO;
				GCC_NO_COMMON_BLOCKS = YES;
				GCC_OPTIMIZATION_LEVEL = 0;
				GCC_PREPROCESSOR_DEFINITIONS = (
					"DEBUG=1",
					"$(inherited)",
				);
				GCC_WARN_64_TO_32_BIT_CONVERSION = YES;
				GCC_WARN_ABOUT_RETURN_TYPE = YES_ERROR;
				GCC_WARN_UNDECLARED_SELECTOR = YES;
				GCC_WARN_UNINITIALIZED_AUTOS = YES_AGGRESSIVE;
				GCC_WARN_UNUSED_FUNCTION = YES;
				GCC_WARN_UNUSED_VARIABLE = YES;
				IPHONEOS_DEPLOYMENT_TARGET = 26.2;
				LOCALIZATION_PREFERS_STRING_CATALOGS = YES;
				MTL_ENABLE_DEBUG_INFO = INCLUDE_SOURCE;
				MTL_FAST_MATH = YES;
				ONLY_ACTIVE_ARCH = YES;
				SDKROOT = iphoneos;
				SWIFT_ACTIVE_COMPILATION_CONDITIONS = "DEBUG $(inherited)";
				SWIFT_OPTIMIZATION_LEVEL = "-Onone";
			};
			name = Debug;
		};
		C3E6B8DE2F3FFFBD00C03FF0 /* Release */ = {
			isa = XCBuildConfiguration;
			buildSettings = {
				ALWAYS_SEARCH_USER_PATHS = NO;
				ASSETCATALOG_COMPILER_GENERATE_SWIFT_ASSET_SYMBOL_EXTENSIONS = YES;
				CLANG_ANALYZER_NONNULL = YES;
				CLANG_ANALYZER_NUMBER_OBJECT_CONVERSION = YES_AGGRESSIVE;
				CLANG_CXX_LANGUAGE_STANDARD = "gnu++20";
				CLANG_ENABLE_MODULES = YES;
				CLANG_ENABLE_OBJC_ARC = YES;
				CLANG_ENABLE_OBJC_WEAK = YES;
				CLANG_WARN_BLOCK_CAPTURE_AUTORELEASING = YES;
				CLANG_WARN_BOOL_CONVERSION = YES;
				CLANG_WARN_COMMA = YES;
				CLANG_WARN_CONSTANT_CONVERSION = YES;
				CLANG_WARN_DEPRECATED_OBJC_IMPLEMENTATIONS = YES;
				CLANG_WARN_DIRECT_OBJC_ISA_USAGE = YES_ERROR;
				CLANG_WARN_DOCUMENTATION_COMMENTS = YES;
				CLANG_WARN_EMPTY_BODY = YES;
				CLANG_WARN_ENUM_CONVERSION = YES;
				CLANG_WARN_INFINITE_RECURSION = YES;
				CLANG_WARN_INT_CONVERSION = YES;
				CLANG_WARN_NON_LITERAL_NULL_CONVERSION = YES;
				CLANG_WARN_OBJC_IMPLICIT_RETAIN_SELF = YES;
				CLANG_WARN_OBJC_LITERAL_CONVERSION = YES;
				CLANG_WARN_OBJC_ROOT_CLASS = YES_ERROR;
				CLANG_WARN_QUOTED_INCLUDE_IN_FRAMEWORK_HEADER = YES;
				CLANG_WARN_RANGE_LOOP_ANALYSIS = YES;
				CLANG_WARN_STRICT_PROTOTYPES = YES;
				CLANG_WARN_SUSPICIOUS_MOVE = YES;
				CLANG_WARN_UNGUARDED_AVAILABILITY = YES_AGGRESSIVE;
				CLANG_WARN_UNREACHABLE_CODE = YES;
				CLANG_WARN__DUPLICATE_METHOD_MATCH = YES;
				COPY_PHASE_STRIP = NO;
				DEBUG_INFORMATION_FORMAT = "dwarf-with-dsym";
				DEVELOPMENT_TEAM = GNQ3HY2357;
				ENABLE_NS_ASSERTIONS = NO;
				ENABLE_STRICT_OBJC_MSGSEND = YES;
				ENABLE_USER_SCRIPT_SANDBOXING = YES;
				GCC_C_LANGUAGE_STANDARD = gnu17;
				GCC_NO_COMMON_BLOCKS = YES;
				GCC_WARN_64_TO_32_BIT_CONVERSION = YES;
				GCC_WARN_ABOUT_RETURN_TYPE = YES_ERROR;
				GCC_WARN_UNDECLARED_SELECTOR = YES;
				GCC_WARN_UNINITIALIZED_AUTOS = YES_AGGRESSIVE;
				GCC_WARN_UNUSED_FUNCTION = YES;
				GCC_WARN_UNUSED_VARIABLE = YES;
				IPHONEOS_DEPLOYMENT_TARGET = 26.2;
				LOCALIZATION_PREFERS_STRING_CATALOGS = YES;
				MTL_ENABLE_DEBUG_INFO = NO;
				MTL_FAST_MATH = YES;
				SDKROOT = iphoneos;
				SWIFT_COMPILATION_MODE = wholemodule;
				VALIDATE_PRODUCT = YES;
			};
			name = Release;
		};
		C3E6B8E02F3FFFBD00C03FF0 /* Debug */ = {
			isa = XCBuildConfiguration;
			buildSettings = {
				ASSETCATALOG_COMPILER_APPICON_NAME = AppIcon;
				ASSETCATALOG_COMPILER_GLOBAL_ACCENT_COLOR_NAME = AccentColor;
				CODE_SIGN_ENTITLEMENTS = alfred/alfred.entitlements;
				CODE_SIGN_STYLE = Automatic;
				CURRENT_PROJECT_VERSION = 1;
				DEVELOPMENT_TEAM = GNQ3HY2357;
				ENABLE_PREVIEWS = YES;
				GENERATE_INFOPLIST_FILE = NO;
				INFOPLIST_FILE = Info.Debug.plist;
				INFOPLIST_KEY_NSMicrophoneUsageDescription = "Alfred uses your microphone to transcribe your voice into text.";
				INFOPLIST_KEY_NSSpeechRecognitionUsageDescription = "Alfred uses speech recognition to convert your spoken words into text.";
				INFOPLIST_KEY_UIApplicationSceneManifest_Generation = YES;
				INFOPLIST_KEY_UIApplicationSupportsIndirectInputEvents = YES;
				INFOPLIST_KEY_UILaunchScreen_Generation = YES;
				INFOPLIST_KEY_UISupportedInterfaceOrientations_iPad = "UIInterfaceOrientationPortrait UIInterfaceOrientationPortraitUpsideDown UIInterfaceOrientationLandscapeLeft UIInterfaceOrientationLandscapeRight";
				INFOPLIST_KEY_UISupportedInterfaceOrientations_iPhone = "UIInterfaceOrientationPortrait UIInterfaceOrientationLandscapeLeft UIInterfaceOrientationLandscapeRight";
				IPHONEOS_DEPLOYMENT_TARGET = 17.6;
				LD_RUNPATH_SEARCH_PATHS = (
					"$(inherited)",
					"@executable_path/Frameworks",
				);
				MARKETING_VERSION = 1.0;
				PRODUCT_BUNDLE_IDENTIFIER = com.prodata.alfred;
				PRODUCT_NAME = "$(TARGET_NAME)";
				STRING_CATALOG_GENERATE_SYMBOLS = YES;
				SWIFT_APPROACHABLE_CONCURRENCY = YES;
				SWIFT_DEFAULT_ACTOR_ISOLATION = MainActor;
				SWIFT_EMIT_LOC_STRINGS = YES;
				SWIFT_UPCOMING_FEATURE_MEMBER_IMPORT_VISIBILITY = YES;
				SWIFT_VERSION = 5.0;
				TARGETED_DEVICE_FAMILY = "1,2";
			};
			name = Debug;
		};
		C3E6B8E12F3FFFBD00C03FF0 /* Release */ = {
			isa = XCBuildConfiguration;
			buildSettings = {
				ASSETCATALOG_COMPILER_APPICON_NAME = AppIcon;
				ASSETCATALOG_COMPILER_GLOBAL_ACCENT_COLOR_NAME = AccentColor;
				CODE_SIGN_ENTITLEMENTS = alfred/alfred.entitlements;
				CODE_SIGN_STYLE = Automatic;
				CURRENT_PROJECT_VERSION = 1;
				DEVELOPMENT_TEAM = GNQ3HY2357;
				ENABLE_PREVIEWS = YES;
				GENERATE_INFOPLIST_FILE = YES;
				INFOPLIST_KEY_NSMicrophoneUsageDescription = "Alfred uses your microphone to transcribe your voice into text.";
				INFOPLIST_KEY_NSSpeechRecognitionUsageDescription = "Alfred uses speech recognition to convert your spoken words into text.";
				INFOPLIST_KEY_UIApplicationSceneManifest_Generation = YES;
				INFOPLIST_KEY_UIApplicationSupportsIndirectInputEvents = YES;
				INFOPLIST_KEY_UILaunchScreen_Generation = YES;
				INFOPLIST_KEY_UISupportedInterfaceOrientations_iPad = "UIInterfaceOrientationPortrait UIInterfaceOrientationPortraitUpsideDown UIInterfaceOrientationLandscapeLeft UIInterfaceOrientationLandscapeRight";
				INFOPLIST_KEY_UISupportedInterfaceOrientations_iPhone = "UIInterfaceOrientationPortrait UIInterfaceOrientationLandscapeLeft UIInterfaceOrientationLandscapeRight";
				IPHONEOS_DEPLOYMENT_TARGET = 17.6;
				LD_RUNPATH_SEARCH_PATHS = (
					"$(inherited)",
					"@executable_path/Frameworks",
				);
				MARKETING_VERSION = 1.0;
				PRODUCT_BUNDLE_IDENTIFIER = com.prodata.alfred;
				PRODUCT_NAME = "$(TARGET_NAME)";
				STRING_CATALOG_GENERATE_SYMBOLS = YES;
				SWIFT_APPROACHABLE_CONCURRENCY = YES;
				SWIFT_DEFAULT_ACTOR_ISOLATION = MainActor;
				SWIFT_EMIT_LOC_STRINGS = YES;
				SWIFT_UPCOMING_FEATURE_MEMBER_IMPORT_VISIBILITY = YES;
				SWIFT_VERSION = 5.0;
				TARGETED_DEVICE_FAMILY = "1,2";
			};
			name = Release;
		};
		C3E6B8E32F3FFFBD00C03FF0 /* Debug */ = {
			isa = XCBuildConfiguration;
			buildSettings = {
				BUNDLE_LOADER = "$(TEST_HOST)";
				CODE_SIGN_STYLE = Automatic;
				CURRENT_PROJECT_VERSION = 1;
				DEVELOPMENT_TEAM = GNQ3HY2357;
				GENERATE_INFOPLIST_FILE = YES;
				IPHONEOS_DEPLOYMENT_TARGET = 17.6;
				MARKETING_VERSION = 1.0;
				PRODUCT_BUNDLE_IDENTIFIER = com.prodata.alfredTests;
				PRODUCT_NAME = "$(TARGET_NAME)";
				STRING_CATALOG_GENERATE_SYMBOLS = NO;
				SWIFT_APPROACHABLE_CONCURRENCY = YES;
				SWIFT_EMIT_LOC_STRINGS = NO;
				SWIFT_UPCOMING_FEATURE_MEMBER_IMPORT_VISIBILITY = YES;
				SWIFT_VERSION = 5.0;
				TARGETED_DEVICE_FAMILY = "1,2";
				TEST_HOST = "$(BUILT_PRODUCTS_DIR)/alfred.app/$(BUNDLE_EXECUTABLE_FOLDER_PATH)/alfred";
			};
			name = Debug;
		};
		C3E6B8E42F3FFFBD00C03FF0 /* Release */ = {
			isa = XCBuildConfiguration;
			buildSettings = {
				BUNDLE_LOADER = "$(TEST_HOST)";
				CODE_SIGN_STYLE = Automatic;
				CURRENT_PROJECT_VERSION = 1;
				DEVELOPMENT_TEAM = GNQ3HY2357;
				GENERATE_INFOPLIST_FILE = YES;
				IPHONEOS_DEPLOYMENT_TARGET = 17.6;
				MARKETING_VERSION = 1.0;
				PRODUCT_BUNDLE_IDENTIFIER = com.prodata.alfredTests;
				PRODUCT_NAME = "$(TARGET_NAME)";
				STRING_CATALOG_GENERATE_SYMBOLS = NO;
				SWIFT_APPROACHABLE_CONCURRENCY = YES;
				SWIFT_EMIT_LOC_STRINGS = NO;
				SWIFT_UPCOMING_FEATURE_MEMBER_IMPORT_VISIBILITY = YES;
				SWIFT_VERSION = 5.0;
				TARGETED_DEVICE_FAMILY = "1,2";
				TEST_HOST = "$(BUILT_PRODUCTS_DIR)/alfred.app/$(BUNDLE_EXECUTABLE_FOLDER_PATH)/alfred";
			};
			name = Release;
		};
/* End XCBuildConfiguration section */

/* Begin XCConfigurationList section */
		C3E6B8B92F3FFFBC00C03FF0 /* Build configuration list for PBXProject "alfred" */ = {
			isa = XCConfigurationList;
			buildConfigurations = (
				C3E6B8DD2F3FFFBD00C03FF0 /* Debug */,
				C3E6B8DE2F3FFFBD00C03FF0 /* Release */,
			);
			defaultConfigurationIsVisible = 0;
			defaultConfigurationName = Release;
		};
		C3E6B8DF2F3FFFBD00C03FF0 /* Build configuration list for PBXNativeTarget "alfred" */ = {
			isa = XCConfigurationList;
			buildConfigurations = (
				C3E6B8E02F3FFFBD00C03FF0 /* Debug */,
				C3E6B8E12F3FFFBD00C03FF0 /* Release */,
			);
			defaultConfigurationIsVisible = 0;
			defaultConfigurationName = Release;
		};
		C3E6B8E22F3FFFBD00C03FF0 /* Build configuration list for PBXNativeTarget "alfredTests" */ = {
			isa = XCConfigurationList;
			buildConfigurations = (
				C3E6B8E32F3FFFBD00C03FF0 /* Debug */,
				C3E6B8E42F3FFFBD00C03FF0 /* Release */,
			);
			defaultConfigurationIsVisible = 0;
			defaultConfigurationName = Release;
		};
		D06A7674F19D68F05CBF540A /* Build configuration list for PBXNativeTarget "alfredNotificationServiceExtension" */ = {
			isa = XCConfigurationList;
			buildConfigurations = (
				2AA23022B43C87CEB2E555A5 /* Release */,
				100DCEF2CC634CF770B1B6D7 /* Debug */,
			);
			defaultConfigurationIsVisible = 0;
			defaultConfigurationName = Release;
		};
/* End XCConfigurationList section */

/* Begin XCLocalSwiftPackageReference section */
		C3AABCFF2F40C03E00D8F6E7 /* XCLocalSwiftPackageReference "AlfredAPIClient" */ = {
			isa = XCLocalSwiftPackageReference;
			relativePath = Packages/AlfredAPIClient;
		};
/* End XCLocalSwiftPackageReference section */

/* Begin XCRemoteSwiftPackageReference section */
		C36BA2C82F48CE9F00B2F152 /* XCRemoteSwiftPackageReference "IQKeyboardManager" */ = {
			isa = XCRemoteSwiftPackageReference;
			repositoryURL = "https://github.com/hackiftekhar/IQKeyboardManager";
			requirement = {
				kind = upToNextMajorVersion;
				minimumVersion = 8.0.2;
			};
		};
		C3AABD282F4133F400D8F6E7 /* XCRemoteSwiftPackageReference "clerk-ios" */ = {
			isa = XCRemoteSwiftPackageReference;
			repositoryURL = "https://github.com/clerk/clerk-ios";
			requirement = {
				kind = upToNextMajorVersion;
				minimumVersion = 1.0.0;
			};
		};
		D10100012F50000000D8F6E7 /* XCRemoteSwiftPackageReference "onnxruntime-swift-package-manager" */ = {
			isa = XCRemoteSwiftPackageReference;
			repositoryURL = "https://github.com/microsoft/onnxruntime-swift-package-manager";
			requirement = {
				kind = upToNextMajorVersion;
				minimumVersion = 1.20.0;
			};
		};
/* End XCRemoteSwiftPackageReference section */

/* Begin XCSwiftPackageProductDependency section */
		C36BA2C92F48CE9F00B2F152 /* IQKeyboardManagerSwift */ = {
			isa = XCSwiftPackageProductDependency;
			package = C36BA2C82F48CE9F00B2F152 /* XCRemoteSwiftPackageReference "IQKeyboardManager" */;
			productName = IQKeyboardManagerSwift;
		};
		C3AABD002F40C03E00D8F6E7 /* AlfredAPIClient */ = {
			isa = XCSwiftPackageProductDependency;
			productName = AlfredAPIClient;
		};
		C3AABD292F4133F400D8F6E7 /* ClerkKit */ = {
			isa = XCSwiftPackageProductDependency;
			package = C3AABD282F4133F400D8F6E7 /* XCRemoteSwiftPackageReference "clerk-ios" */;
			productName = ClerkKit;
		};
		C3AABD2B2F4133F400D8F6E7 /* ClerkKitUI */ = {
			isa = XCSwiftPackageProductDependency;
			package = C3AABD282F4133F400D8F6E7 /* XCRemoteSwiftPackageReference "clerk-ios" */;
			productName = ClerkKitUI;
		};
		D10100022F50000000D8F6E7 /* onnxruntime */ = {
			isa = XCSwiftPackageProductDependency;
			package = D10100012F50000000D8F6E7 /* XCRemoteSwiftPackageReference "onnxruntime-swift-package-manager" */;
			productName = onnxruntime;
		};
/* End XCSwiftPackageProductDependency section */
	};
	rootObject = C3E6B8B62F3FFFBC00C03FF0 /* Project object */;
}
